dependencies:
- name: ai-gateway
  repository: oci://registry-1.docker.io/helicone
  version: 0.2.0
- name: postgresql
  repository: https://charts.bitnami.com/bitnami
  version: 15.5.20
digest: sha256:49c03d152c8e05c0b93846df7ab10ca0d30b2553b25dc644c32db97d372d5ede
generated: "2025-06-29T21:47:38.443299-07:00"
